
Microsoft Visual Studio Solution File, Format Version 12.00
# Visual Studio Version 17
VisualStudioVersion = 17.6.33513.286
MinimumVisualStudioVersion = 10.0.40219.1
Project("{9A19103F-16F7-4668-BE54-9A1E7A4F7556}") = "WpfApp49", "WpfApp49\WpfApp49.csproj", "{9A809B41-2B78-40CE-9F95-72D0087415EB}"
EndProject
Project("{FAE04EC0-301F-11D3-BF4B-00C04F79EFBC}") = "SignalRServer", "SignalRServer\SignalRServer.csproj", "{1E70C4EE-7053-4663-8114-347DFD878354}"
EndProject
Project("{FAE04EC0-301F-11D3-BF4B-00C04F79EFBC}") = "SignalRModels", "SignalRModels\SignalRModels.csproj", "{FEF46750-26E0-4C5A-8FCE-19C7BEA914AF}"
EndProject
Global
	GlobalSection(SolutionConfigurationPlatforms) = preSolution
		Debug|Any CPU = Debug|Any CPU
		Release|Any CPU = Release|Any CPU
	EndGlobalSection
	GlobalSection(ProjectConfigurationPlatforms) = postSolution
		{9A809B41-2B78-40CE-9F95-72D0087415EB}.Debug|Any CPU.ActiveCfg = Debug|Any CPU
		{9A809B41-2B78-40CE-9F95-72D0087415EB}.Debug|Any CPU.Build.0 = Debug|Any CPU
		{9A809B41-2B78-40CE-9F95-72D0087415EB}.Release|Any CPU.ActiveCfg = Release|Any CPU
		{9A809B41-2B78-40CE-9F95-72D0087415EB}.Release|Any CPU.Build.0 = Release|Any CPU
		{1E70C4EE-7053-4663-8114-347DFD878354}.Debug|Any CPU.ActiveCfg = Debug|Any CPU
		{1E70C4EE-7053-4663-8114-347DFD878354}.Debug|Any CPU.Build.0 = Debug|Any CPU
		{1E70C4EE-7053-4663-8114-347DFD878354}.Release|Any CPU.ActiveCfg = Release|Any CPU
		{1E70C4EE-7053-4663-8114-347DFD878354}.Release|Any CPU.Build.0 = Release|Any CPU
		{FEF46750-26E0-4C5A-8FCE-19C7BEA914AF}.Debug|Any CPU.ActiveCfg = Debug|Any CPU
		{FEF46750-26E0-4C5A-8FCE-19C7BEA914AF}.Debug|Any CPU.Build.0 = Debug|Any CPU
		{FEF46750-26E0-4C5A-8FCE-19C7BEA914AF}.Release|Any CPU.ActiveCfg = Release|Any CPU
		{FEF46750-26E0-4C5A-8FCE-19C7BEA914AF}.Release|Any CPU.Build.0 = Release|Any CPU
	EndGlobalSection
	GlobalSection(SolutionProperties) = preSolution
		HideSolutionNode = FALSE
	EndGlobalSection
	GlobalSection(ExtensibilityGlobals) = postSolution
		SolutionGuid = {343FACCF-B848-425D-AA6B-B8E20A96EEE2}
	EndGlobalSection
EndGlobal
